
Microsoft Visual Studio Solution File, Format Version 12.00
# Visual Studio Version 16
VisualStudioVersion = 16.0.30907.101
MinimumVisualStudioVersion = 10.0.40219.1
Project("{FAE04EC0-301F-11D3-BF4B-00C04F79EFBC}") = "Drinks", "Drinks\Drinks.csproj", "{C9B662E2-BF40-4FB5-9C6F-A85AC8C7307A}"
EndProject
Project("{FAE04EC0-301F-11D3-BF4B-00C04F79EFBC}") = "Sources.Tools", "Sources.Tools\Sources.Tools.csproj", "{23288C1E-05D5-4E1C-80D9-F4954DA99D0F}"
EndProject
Global
	GlobalSection(SolutionConfigurationPlatforms) = preSolution
		Debug|Any CPU = Debug|Any CPU
		Release|Any CPU = Release|Any CPU
	EndGlobalSection
	GlobalSection(ProjectConfigurationPlatforms) = postSolution
		{C9B662E2-BF40-4FB5-9C6F-A85AC8C7307A}.Debug|Any CPU.ActiveCfg = Debug|Any CPU
		{C9B662E2-BF40-4FB5-9C6F-A85AC8C7307A}.Debug|Any CPU.Build.0 = Debug|Any CPU
		{C9B662E2-BF40-4FB5-9C6F-A85AC8C7307A}.Release|Any CPU.ActiveCfg = Release|Any CPU
		{C9B662E2-BF40-4FB5-9C6F-A85AC8C7307A}.Release|Any CPU.Build.0 = Release|Any CPU
		{23288C1E-05D5-4E1C-80D9-F4954DA99D0F}.Debug|Any CPU.ActiveCfg = Debug|Any CPU
		{23288C1E-05D5-4E1C-80D9-F4954DA99D0F}.Debug|Any CPU.Build.0 = Debug|Any CPU
		{23288C1E-05D5-4E1C-80D9-F4954DA99D0F}.Release|Any CPU.ActiveCfg = Release|Any CPU
		{23288C1E-05D5-4E1C-80D9-F4954DA99D0F}.Release|Any CPU.Build.0 = Release|Any CPU
	EndGlobalSection
	GlobalSection(SolutionProperties) = preSolution
		HideSolutionNode = FALSE
	EndGlobalSection
	GlobalSection(ExtensibilityGlobals) = postSolution
		SolutionGuid = {01C2C1B7-361A-45F3-945B-0F6F7FE90BE1}
	EndGlobalSection
EndGlobal
